Microsoft Visual Studio Solution File, Format Version 11.00
# Visual Studio 2008

Project("{1912E15C-B095-40C3-394D-3D0BF3405335}") = "Module2 Platformer", "Assembly-CSharp.csproj", "{3372D419-4276-539D-9073-BE1603B6FE8E}"
EndProject
Global
	GlobalSection(SolutionConfigurationPlatforms) = preSolution
		Debug|Any CPU = Debug|Any CPU
		Release|Any CPU = Release|Any CPU
	EndGlobalSection
	GlobalSection(ProjectConfigurationPlatforms) = postSolution
		{3372D419-4276-539D-9073-BE1603B6FE8E}.Debug|Any CPU.ActiveCfg = Debug|Any CPU
		{3372D419-4276-539D-9073-BE1603B6FE8E}.Debug|Any CPU.Build.0 = Debug|Any CPU
		{3372D419-4276-539D-9073-BE1603B6FE8E}.Release|Any CPU.ActiveCfg = Release|Any CPU
		{3372D419-4276-539D-9073-BE1603B6FE8E}.Release|Any CPU.Build.0 = Release|Any CPU
	EndGlobalSection
	GlobalSection(SolutionProperties) = preSolution
		HideSolutionNode = FALSE
	EndGlobalSection
	GlobalSection(MonoDevelopProperties) = preSolution
		StartupItem = Assembly-CSharp.csproj
	EndGlobalSection
EndGlobal
